
Microsoft Visual Studio Solution File, Format Version 12.00
# Visual Studio Version 16
VisualStudioVersion = 16.0.29102.190
MinimumVisualStudioVersion = 10.0.40219.1
Project("{FAE04EC0-301F-11D3-BF4B-00C04F79EFBC}") = "Ami", "Ami\Ami.csproj", "{84831981-7B3F-41D5-8AEA-BE82D121C4EF}"
EndProject
Global
	GlobalSection(SolutionConfigurationPlatforms) = preSolution
		Debug|Any CPU = Debug|Any CPU
		Release|Any CPU = Release|Any CPU
	EndGlobalSection
	GlobalSection(ProjectConfigurationPlatforms) = postSolution
		{84831981-7B3F-41D5-8AEA-BE82D121C4EF}.Debug|Any CPU.ActiveCfg = Debug|Any CPU
		{84831981-7B3F-41D5-8AEA-BE82D121C4EF}.Debug|Any CPU.Build.0 = Debug|Any CPU
		{84831981-7B3F-41D5-8AEA-BE82D121C4EF}.Release|Any CPU.ActiveCfg = Release|Any CPU
		{84831981-7B3F-41D5-8AEA-BE82D121C4EF}.Release|Any CPU.Build.0 = Release|Any CPU
	EndGlobalSection
	GlobalSection(SolutionProperties) = preSolution
		HideSolutionNode = FALSE
	EndGlobalSection
	GlobalSection(ExtensibilityGlobals) = postSolution
		SolutionGuid = {182E2EFD-68FF-4AFA-8AAE-F06557FC20C1}
	EndGlobalSection
EndGlobal
